// !$*UTF8*$!
{
	archiveVersion = 1;
	classes = {
	};
	objectVersion = 56;
	objects = {

/* Begin PBXBuildFile section */
		A73004852B5027930081D04C /* AppDelegate.swift in Sources */ = {isa = PBXBuildFile; fileRef = A73004842B5027930081D04C /* AppDelegate.swift */; };
		A73004872B5027930081D04C /* SceneDelegate.swift in Sources */ = {isa = PBXBuildFile; fileRef = A73004862B5027930081D04C /* SceneDelegate.swift */; };
		A73004892B5027930081D04C /* ViewController.swift in Sources */ = {isa = PBXBuildFile; fileRef = A73004882B5027930081D04C /* ViewController.swift */; };
		A730048C2B5027930081D04C /* Main.storyboard in Resources */ = {isa = PBXBuildFile; fileRef = A730048A2B5027930081D04C /* Main.storyboard */; };
		A730048E2B5027940081D04C /* Assets.xcassets in Resources */ = {isa = PBXBuildFile; fileRef = A730048D2B5027940081D04C /* Assets.xcassets */; };
		A73004912B5027940081D04C /* LaunchScreen.storyboard in Resources */ = {isa = PBXBuildFile; fileRef = A730048F2B5027940081D04C /* LaunchScreen.storyboard */; };
		A730049C2B5027940081D04C /* HWuicollectionviewTests.swift in Sources */ = {isa = PBXBuildFile; fileRef = A730049B2B5027940081D04C /* HWuicollectionviewTests.swift */; };
		A73004A62B5027940081D04C /* HWuicollectionviewUITests.swift in Sources */ = {isa = PBXBuildFile; fileRef = A73004A52B5027940081D04C /* HWuicollectionviewUITests.swift */; };
		A73004A82B5027940081D04C /* HWuicollectionviewUITestsLaunchTests.swift in Sources */ = {isa = PBXBuildFile; fileRef = A73004A72B5027940081D04C /* HWuicollectionviewUITestsLaunchTests.swift */; };
		A73004B82B5029590081D04C /* ImageCollectionViewCell.swift in Sources */ = {isa = PBXBuildFile; fileRef = A73004B62B5029590081D04C /* ImageCollectionViewCell.swift */; };
		A73004B92B5029590081D04C /* ImageCollectionViewCell.xib in Resources */ = {isa = PBXBuildFile; fileRef = A73004B72B5029590081D04C /* ImageCollectionViewCell.xib */; };
		A73004BE2B502F6E0081D04C /* SFSymbols.swift in Sources */ = {isa = PBXBuildFile; fileRef = A73004BD2B502F6E0081D04C /* SFSymbols.swift */; };
/* End PBXBuildFile section */

/* Begin PBXContainerItemProxy section */
		A73004982B5027940081D04C /* PBXContainerItemProxy */ = {
			isa = PBXContainerItemProxy;
			containerPortal = A73004792B5027930081D04C /* Project object */;
			proxyType = 1;
			remoteGlobalIDString = A73004802B5027930081D04C;
			remoteInfo = HWuicollectionview;
		};
		A73004A22B5027940081D04C /* PBXContainerItemProxy */ = {
			isa = PBXContainerItemProxy;
			containerPortal = A73004792B5027930081D04C /* Project object */;
			proxyType = 1;
			remoteGlobalIDString = A73004802B5027930081D04C;
			remoteInfo = HWuicollectionview;
		};
/* End PBXContainerItemProxy section */

/* Begin PBXFileReference section */
		A73004812B5027930081D04C /* HWuicollectionview.app */ = {isa = PBXFileReference; explicitFileType = wrapper.application; includeInIndex = 0; path = HWuicollectionview.app; sourceTree = BUILT_PRODUCTS_DIR; };
		A73004842B5027930081D04C /* AppDelegate.swift */ = {isa = PBXFileReference; lastKnownFileType = sourcecode.swift; path = AppDelegate.swift; sourceTree = "<group>"; };
		A73004862B5027930081D04C /* SceneDelegate.swift */ = {isa = PBXFileReference; lastKnownFileType = sourcecode.swift; path = SceneDelegate.swift; sourceTree = "<group>"; };
		A73004882B5027930081D04C /* ViewController.swift */ = {isa = PBXFileReference; lastKnownFileType = sourcecode.swift; path = ViewController.swift; sourceTree = "<group>"; };
		A730048B2B5027930081D04C /* Base */ = {isa = PBXFileReference; lastKnownFileType = file.storyboard; name = Base; path = Base.lproj/Main.storyboard; sourceTree = "<group>"; };
		A730048D2B5027940081D04C /* Assets.xcassets */ = {isa = PBXFileReference; lastKnownFileType = folder.assetcatalog; path = Assets.xcassets; sourceTree = "<group>"; };
		A73004902B5027940081D04C /* Base */ = {isa = PBXFileReference; lastKnownFileType = file.storyboard; name = Base; path = Base.lproj/LaunchScreen.storyboard; sourceTree = "<group>"; };
		A73004922B5027940081D04C /* Info.plist */ = {isa = PBXFileReference; lastKnownFileType = text.plist.xml; path = Info.plist; sourceTree = "<group>"; };
		A73004972B5027940081D04C /* HWuicollectionviewTests.xctest */ = {isa = PBXFileReference; explicitFileType = wrapper.cfbundle; includeInIndex = 0; path = HWuicollectionviewTests.xctest; sourceTree = BUILT_PRODUCTS_DIR; };
		A730049B2B5027940081D04C /* HWuicollectionviewTests.swift */ = {isa = PBXFileReference; lastKnownFileType = sourcecode.swift; path = HWuicollectionviewTests.swift; sourceTree = "<group>"; };
		A73004A12B5027940081D04C /* HWuicollectionviewUITests.xctest */ = {isa = PBXFileReference; explicitFileType = wrapper.cfbundle; includeInIndex = 0; path = HWuicollectionviewUITests.xctest; sourceTree = BUILT_PRODUCTS_DIR; };
		A73004A52B5027940081D04C /* HWuicollectionviewUITests.swift */ = {isa = PBXFileReference; lastKnownFileType = sourcecode.swift; path = HWuicollectionviewUITests.swift; sourceTree = "<group>"; };
		A73004A72B5027940081D04C /* HWuicollectionviewUITestsLaunchTests.swift */ = {isa = PBXFileReference; lastKnownFileType = sourcecode.swift; path = HWuicollectionviewUITestsLaunchTests.swift; sourceTree = "<group>"; };
		A73004B62B5029590081D04C /* ImageCollectionViewCell.swift */ = {isa = PBXFileReference; lastKnownFileType = sourcecode.swift; path = ImageCollectionViewCell.swift; sourceTree = "<group>"; };
		A73004B72B5029590081D04C /* ImageCollectionViewCell.xib */ = {isa = PBXFileReference; lastKnownFileType = file.xib; path = ImageCollectionViewCell.xib; sourceTree = "<group>"; };
		A73004BD2B502F6E0081D04C /* SFSymbols.swift */ = {isa = PBXFileReference; lastKnownFileType = sourcecode.swift; path = SFSymbols.swift; sourceTree = "<group>"; };
/* End PBXFileReference section */

/* Begin PBXFrameworksBuildPhase section */
		A730047E2B5027930081D04C /* Frameworks */ = {
			isa = PBXFrameworksBuildPhase;
			buildActionMask = 2147483647;
			files = (
			);
			runOnlyForDeploymentPostprocessing = 0;
		};
		A73004942B5027940081D04C /* Frameworks */ = {
			isa = PBXFrameworksBuildPhase;
			buildActionMask = 2147483647;
			files = (
			);
			runOnlyForDeploymentPostprocessing = 0;
		};
		A730049E2B5027940081D04C /* Frameworks */ = {
			isa = PBXFrameworksBuildPhase;
			buildActionMask = 2147483647;
			files = (
			);
			runOnlyForDeploymentPostprocessing = 0;
		};
/* End PBXFrameworksBuildPhase section */

/* Begin PBXGroup section */
		A73004782B5027930081D04C = {
			isa = PBXGroup;
			children = (
				A73004832B5027930081D04C /* HWuicollectionview */,
				A730049A2B5027940081D04C /* HWuicollectionviewTests */,
				A73004A42B5027940081D04C /* HWuicollectionviewUITests */,
				A73004822B5027930081D04C /* Products */,
			);
			sourceTree = "<group>";
		};
		A73004822B5027930081D04C /* Products */ = {
			isa = PBXGroup;
			children = (
				A73004812B5027930081D04C /* HWuicollectionview.app */,
				A73004972B5027940081D04C /* HWuicollectionviewTests.xctest */,
				A73004A12B5027940081D04C /* HWuicollectionviewUITests.xctest */,
			);
			name = Products;
			sourceTree = "<group>";
		};
		A73004832B5027930081D04C /* HWuicollectionview */ = {
			isa = PBXGroup;
			children = (
				A73004BF2B5039CB0081D04C /* Model */,
				A73004BA2B50295E0081D04C /* Image */,
				A73004842B5027930081D04C /* AppDelegate.swift */,
				A73004862B5027930081D04C /* SceneDelegate.swift */,
				A73004882B5027930081D04C /* ViewController.swift */,
				A730048A2B5027930081D04C /* Main.storyboard */,
				A730048D2B5027940081D04C /* Assets.xcassets */,
				A730048F2B5027940081D04C /* LaunchScreen.storyboard */,
				A73004922B5027940081D04C /* Info.plist */,
			);
			path = HWuicollectionview;
			sourceTree = "<group>";
		};
		A730049A2B5027940081D04C /* HWuicollectionviewTests */ = {
			isa = PBXGroup;
			children = (
				A730049B2B5027940081D04C /* HWuicollectionviewTests.swift */,
			);
			path = HWuicollectionviewTests;
			sourceTree = "<group>";
		};
		A73004A42B5027940081D04C /* HWuicollectionviewUITests */ = {
			isa = PBXGroup;
			children = (
				A73004A52B5027940081D04C /* HWuicollectionviewUITests.swift */,
				A73004A72B5027940081D04C /* HWuicollectionviewUITestsLaunchTests.swift */,
			);
			path = HWuicollectionviewUITests;
			sourceTree = "<group>";
		};
		A73004BA2B50295E0081D04C /* Image */ = {
			isa = PBXGroup;
			children = (
				A73004B72B5029590081D04C /* ImageCollectionViewCell.xib */,
				A73004B62B5029590081D04C /* ImageCollectionViewCell.swift */,
			);
			path = Image;
			sourceTree = "<group>";
		};
		A73004BF2B5039CB0081D04C /* Model */ = {
			isa = PBXGroup;
			children = (
				A73004BD2B502F6E0081D04C /* SFSymbols.swift */,
			);
			path = Model;
			sourceTree = "<group>";
		};
/* End PBXGroup section */

/* Begin PBXNativeTarget section */
		A73004802B5027930081D04C /* HWuicollectionview */ = {
			isa = PBXNativeTarget;
			buildConfigurationList = A73004AB2B5027940081D04C /* Build configuration list for PBXNativeTarget "HWuicollectionview" */;
			buildPhases = (
				A730047D2B5027930081D04C /* Sources */,
				A730047E2B5027930081D04C /* Frameworks */,
				A730047F2B5027930081D04C /* Resources */,
			);
			buildRules = (
			);
			dependencies = (
			);
			name = HWuicollectionview;
			productName = HWuicollectionview;
			productReference = A73004812B5027930081D04C /* HWuicollectionview.app */;
			productType = "com.apple.product-type.application";
		};
		A73004962B5027940081D04C /* HWuicollectionviewTests */ = {
			isa = PBXNativeTarget;
			buildConfigurationList = A73004AE2B5027940081D04C /* Build configuration list for PBXNativeTarget "HWuicollectionviewTests" */;
			buildPhases = (
				A73004932B5027940081D04C /* Sources */,
				A73004942B5027940081D04C /* Frameworks */,
				A73004952B5027940081D04C /* Resources */,
			);
			buildRules = (
			);
			dependencies = (
				A73004992B5027940081D04C /* PBXTargetDependency */,
			);
			name = HWuicollectionviewTests;
			productName = HWuicollectionviewTests;
			productReference = A73004972B5027940081D04C /* HWuicollectionviewTests.xctest */;
			productType = "com.apple.product-type.bundle.unit-test";
		};
		A73004A02B5027940081D04C /* HWuicollectionviewUITests */ = {
			isa = PBXNativeTarget;
			buildConfigurationList = A73004B12B5027940081D04C /* Build configuration list for PBXNativeTarget "HWuicollectionviewUITests" */;
			buildPhases = (
				A730049D2B5027940081D04C /* Sources */,
				A730049E2B5027940081D04C /* Frameworks */,
				A730049F2B5027940081D04C /* Resources */,
			);
			buildRules = (
			);
			dependencies = (
				A73004A32B5027940081D04C /* PBXTargetDependency */,
			);
			name = HWuicollectionviewUITests;
			productName = HWuicollectionviewUITests;
			productReference = A73004A12B5027940081D04C /* HWuicollectionviewUITests.xctest */;
			productType = "com.apple.product-type.bundle.ui-testing";
		};
/* End PBXNativeTarget section */

/* Begin PBXProject section */
		A73004792B5027930081D04C /* Project object */ = {
			isa = PBXProject;
			attributes = {
				BuildIndependentTargetsInParallel = 1;
				LastSwiftUpdateCheck = 1500;
				LastUpgradeCheck = 1500;
				TargetAttributes = {
					A73004802B5027930081D04C = {
						CreatedOnToolsVersion = 15.0.1;
					};
					A73004962B5027940081D04C = {
						CreatedOnToolsVersion = 15.0.1;
						TestTargetID = A73004802B5027930081D04C;
					};
					A73004A02B5027940081D04C = {
						CreatedOnToolsVersion = 15.0.1;
						TestTargetID = A73004802B5027930081D04C;
					};
				};
			};
			buildConfigurationList = A730047C2B5027930081D04C /* Build configuration list for PBXProject "HWuicollectionview" */;
			compatibilityVersion = "Xcode 14.0";
			developmentRegion = en;
			hasScannedForEncodings = 0;
			knownRegions = (
				en,
				Base,
			);
			mainGroup = A73004782B5027930081D04C;
			productRefGroup = A73004822B5027930081D04C /* Products */;
			projectDirPath = "";
			projectRoot = "";
			targets = (
				A73004802B5027930081D04C /* HWuicollectionview */,
				A73004962B5027940081D04C /* HWuicollectionviewTests */,
				A73004A02B5027940081D04C /* HWuicollectionviewUITests */,
			);
		};
/* End PBXProject section */

/* Begin PBXResourcesBuildPhase section */
		A730047F2B5027930081D04C /* Resources */ = {
			isa = PBXResourcesBuildPhase;
			buildActionMask = 2147483647;
			files = (
				A73004912B5027940081D04C /* LaunchScreen.storyboard in Resources */,
				A730048E2B5027940081D04C /* Assets.xcassets in Resources */,
				A73004B92B5029590081D04C /* ImageCollectionViewCell.xib in Resources */,
				A730048C2B5027930081D04C /* Main.storyboard in Resources */,
			);
			runOnlyForDeploymentPostprocessing = 0;
		};
		A73004952B5027940081D04C /* Resources */ = {
			isa = PBXResourcesBuildPhase;
			buildActionMask = 2147483647;
			files = (
			);
			runOnlyForDeploymentPostprocessing = 0;
		};
		A730049F2B5027940081D04C /* Resources */ = {
			isa = PBXResourcesBuildPhase;
			buildActionMask = 2147483647;
			files = (
			);
			runOnlyForDeploymentPostprocessing = 0;
		};
/* End PBXResourcesBuildPhase section */

/* Begin PBXSourcesBuildPhase section */
		A730047D2B5027930081D04C /* Sources */ = {
			isa = PBXSourcesBuildPhase;
			buildActionMask = 2147483647;
			files = (
				A73004892B5027930081D04C /* ViewController.swift in Sources */,
				A73004852B5027930081D04C /* AppDelegate.swift in Sources */,
				A73004BE2B502F6E0081D04C /* SFSymbols.swift in Sources */,
				A73004B82B5029590081D04C /* ImageCollectionViewCell.swift in Sources */,
				A73004872B5027930081D04C /* SceneDelegate.swift in Sources */,
			);
			runOnlyForDeploymentPostprocessing = 0;
		};
		A73004932B5027940081D04C /* Sources */ = {
			isa = PBXSourcesBuildPhase;
			buildActionMask = 2147483647;
			files = (
				A730049C2B5027940081D04C /* HWuicollectionviewTests.swift in Sources */,
			);
			runOnlyForDeploymentPostprocessing = 0;
		};
		A730049D2B5027940081D04C /* Sources */ = {
			isa = PBXSourcesBuildPhase;
			buildActionMask = 2147483647;
			files = (
				A73004A82B5027940081D04C /* HWuicollectionviewUITestsLaunchTests.swift in Sources */,
				A73004A62B5027940081D04C /* HWuicollectionviewUITests.swift in Sources */,
			);
			runOnlyForDeploymentPostprocessing = 0;
		};
/* End PBXSourcesBuildPhase section */

/* Begin PBXTargetDependency section */
		A73004992B5027940081D04C /* PBXTargetDependency */ = {
			isa = PBXTargetDependency;
			target = A73004802B5027930081D04C /* HWuicollectionview */;
			targetProxy = A73004982B5027940081D04C /* PBXContainerItemProxy */;
		};
		A73004A32B5027940081D04C /* PBXTargetDependency */ = {
			isa = PBXTargetDependency;
			target = A73004802B5027930081D04C /* HWuicollectionview */;
			targetProxy = A73004A22B5027940081D04C /* PBXContainerItemProxy */;
		};
/* End PBXTargetDependency section */

/* Begin PBXVariantGroup section */
		A730048A2B5027930081D04C /* Main.storyboard */ = {
			isa = PBXVariantGroup;
			children = (
				A730048B2B5027930081D04C /* Base */,
			);
			name = Main.storyboard;
			sourceTree = "<group>";
		};
		A730048F2B5027940081D04C /* LaunchScreen.storyboard */ = {
			isa = PBXVariantGroup;
			children = (
				A73004902B5027940081D04C /* Base */,
			);
			name = LaunchScreen.storyboard;
			sourceTree = "<group>";
		};
/* End PBXVariantGroup section */

/* Begin XCBuildConfiguration section */
		A73004A92B5027940081D04C /* Debug */ = {
			isa = XCBuildConfiguration;
			buildSettings = {
				ALWAYS_SEARCH_USER_PATHS = NO;
				ASSETCATALOG_COMPILER_GENERATE_SWIFT_ASSET_SYMBOL_EXTENSIONS = YES;
				CLANG_ANALYZER_NONNULL = YES;
				CLANG_ANALYZER_NUMBER_OBJECT_CONVERSION = YES_AGGRESSIVE;
				CLANG_CXX_LANGUAGE_STANDARD = "gnu++20";
				CLANG_ENABLE_MODULES = YES;
				CLANG_ENABLE_OBJC_ARC = YES;
				CLANG_ENABLE_OBJC_WEAK = YES;
				CLANG_WARN_BLOCK_CAPTURE_AUTORELEASING = YES;
				CLANG_WARN_BOOL_CONVERSION = YES;
				CLANG_WARN_COMMA = YES;
				CLANG_WARN_CONSTANT_CONVERSION = YES;
				CLANG_WARN_DEPRECATED_OBJC_IMPLEMENTATIONS = YES;
				CLANG_WARN_DIRECT_OBJC_ISA_USAGE = YES_ERROR;
				CLANG_WARN_DOCUMENTATION_COMMENTS = YES;
				CLANG_WARN_EMPTY_BODY = YES;
				CLANG_WARN_ENUM_CONVERSION = YES;
				CLANG_WARN_INFINITE_RECURSION = YES;
				CLANG_WARN_INT_CONVERSION = YES;
				CLANG_WARN_NON_LITERAL_NULL_CONVERSION = YES;
				CLANG_WARN_OBJC_IMPLICIT_RETAIN_SELF = YES;
				CLANG_WARN_OBJC_LITERAL_CONVERSION = YES;
				CLANG_WARN_OBJC_ROOT_CLASS = YES_ERROR;
				CLANG_WARN_QUOTED_INCLUDE_IN_FRAMEWORK_HEADER = YES;
				CLANG_WARN_RANGE_LOOP_ANALYSIS = YES;
				CLANG_WARN_STRICT_PROTOTYPES = YES;
				CLANG_WARN_SUSPICIOUS_MOVE = YES;
				CLANG_WARN_UNGUARDED_AVAILABILITY = YES_AGGRESSIVE;
				CLANG_WARN_UNREACHABLE_CODE = YES;
				CLANG_WARN__DUPLICATE_METHOD_MATCH = YES;
				COPY_PHASE_STRIP = NO;
				DEBUG_INFORMATION_FORMAT = dwarf;
				ENABLE_STRICT_OBJC_MSGSEND = YES;
				ENABLE_TESTABILITY = YES;
				ENABLE_USER_SCRIPT_SANDBOXING = YES;
				GCC_C_LANGUAGE_STANDARD = gnu17;
				GCC_DYNAMIC_NO_PIC = NO;
				GCC_NO_COMMON_BLOCKS = YES;
				GCC_OPTIMIZATION_LEVEL = 0;
				GCC_PREPROCESSOR_DEFINITIONS = (
					"DEBUG=1",
					"$(inherited)",
				);
				GCC_WARN_64_TO_32_BIT_CONVERSION = YES;
				GCC_WARN_ABOUT_RETURN_TYPE = YES_ERROR;
				GCC_WARN_UNDECLARED_SELECTOR = YES;
				GCC_WARN_UNINITIALIZED_AUTOS = YES_AGGRESSIVE;
				GCC_WARN_UNUSED_FUNCTION = YES;
				GCC_WARN_UNUSED_VARIABLE = YES;
				IPHONEOS_DEPLOYMENT_TARGET = 17.0;
				LOCALIZATION_PREFERS_STRING_CATALOGS = YES;
				MTL_ENABLE_DEBUG_INFO = INCLUDE_SOURCE;
				MTL_FAST_MATH = YES;
				ONLY_ACTIVE_ARCH = YES;
				SDKROOT = iphoneos;
				SWIFT_ACTIVE_COMPILATION_CONDITIONS = "DEBUG $(inherited)";
				SWIFT_OPTIMIZATION_LEVEL = "-Onone";
			};
			name = Debug;
		};
		A73004AA2B5027940081D04C /* Release */ = {
			isa = XCBuildConfiguration;
			buildSettings = {
				ALWAYS_SEARCH_USER_PATHS = NO;
				ASSETCATALOG_COMPILER_GENERATE_SWIFT_ASSET_SYMBOL_EXTENSIONS = YES;
				CLANG_ANALYZER_NONNULL = YES;
				CLANG_ANALYZER_NUMBER_OBJECT_CONVERSION = YES_AGGRESSIVE;
				CLANG_CXX_LANGUAGE_STANDARD = "gnu++20";
				CLANG_ENABLE_MODULES = YES;
				CLANG_ENABLE_OBJC_ARC = YES;
				CLANG_ENABLE_OBJC_WEAK = YES;
				CLANG_WARN_BLOCK_CAPTURE_AUTORELEASING = YES;
				CLANG_WARN_BOOL_CONVERSION = YES;
				CLANG_WARN_COMMA = YES;
				CLANG_WARN_CONSTANT_CONVERSION = YES;
				CLANG_WARN_DEPRECATED_OBJC_IMPLEMENTATIONS = YES;
				CLANG_WARN_DIRECT_OBJC_ISA_USAGE = YES_ERROR;
				CLANG_WARN_DOCUMENTATION_COMMENTS = YES;
				CLANG_WARN_EMPTY_BODY = YES;
				CLANG_WARN_ENUM_CONVERSION = YES;
				CLANG_WARN_INFINITE_RECURSION = YES;
				CLANG_WARN_INT_CONVERSION = YES;
				CLANG_WARN_NON_LITERAL_NULL_CONVERSION = YES;
				CLANG_WARN_OBJC_IMPLICIT_RETAIN_SELF = YES;
				CLANG_WARN_OBJC_LITERAL_CONVERSION = YES;
				CLANG_WARN_OBJC_ROOT_CLASS = YES_ERROR;
				CLANG_WARN_QUOTED_INCLUDE_IN_FRAMEWORK_HEADER = YES;
				CLANG_WARN_RANGE_LOOP_ANALYSIS = YES;
				CLANG_WARN_STRICT_PROTOTYPES = YES;
				CLANG_WARN_SUSPICIOUS_MOVE = YES;
				CLANG_WARN_UNGUARDED_AVAILABILITY = YES_AGGRESSIVE;
				CLANG_WARN_UNREACHABLE_CODE = YES;
				CLANG_WARN__DUPLICATE_METHOD_MATCH = YES;
				COPY_PHASE_STRIP = NO;
				DEBUG_INFORMATION_FORMAT = "dwarf-with-dsym";
				ENABLE_NS_ASSERTIONS = NO;
				ENABLE_STRICT_OBJC_MSGSEND = YES;
				ENABLE_USER_SCRIPT_SANDBOXING = YES;
				GCC_C_LANGUAGE_STANDARD = gnu17;
				GCC_NO_COMMON_BLOCKS = YES;
				GCC_WARN_64_TO_32_BIT_CONVERSION = YES;
				GCC_WARN_ABOUT_RETURN_TYPE = YES_ERROR;
				GCC_WARN_UNDECLARED_SELECTOR = YES;
				GCC_WARN_UNINITIALIZED_AUTOS = YES_AGGRESSIVE;
				GCC_WARN_UNUSED_FUNCTION = YES;
				GCC_WARN_UNUSED_VARIABLE = YES;
				IPHONEOS_DEPLOYMENT_TARGET = 17.0;
				LOCALIZATION_PREFERS_STRING_CATALOGS = YES;
				MTL_ENABLE_DEBUG_INFO = NO;
				MTL_FAST_MATH = YES;
				SDKROOT = iphoneos;
				SWIFT_COMPILATION_MODE = wholemodule;
				VALIDATE_PRODUCT = YES;
			};
			name = Release;
		};
		A73004AC2B5027940081D04C /* Debug */ = {
			isa = XCBuildConfiguration;
			buildSettings = {
				ASSETCATALOG_COMPILER_APPICON_NAME = AppIcon;
				ASSETCATALOG_COMPILER_GLOBAL_ACCENT_COLOR_NAME = AccentColor;
				CODE_SIGN_STYLE = Automatic;
				CURRENT_PROJECT_VERSION = 1;
				GENERATE_INFOPLIST_FILE = YES;
				INFOPLIST_FILE = HWuicollectionview/Info.plist;
				INFOPLIST_KEY_UIApplicationSupportsIndirectInputEvents = YES;
				INFOPLIST_KEY_UILaunchStoryboardName = LaunchScreen;
				INFOPLIST_KEY_UIMainStoryboardFile = Main;
				INFOPLIST_KEY_UISupportedInterfaceOrientations_iPad = "UIInterfaceOrientationPortrait UIInterfaceOrientationPortraitUpsideDown UIInterfaceOrientationLandscapeLeft UIInterfaceOrientationLandscapeRight";
				INFOPLIST_KEY_UISupportedInterfaceOrientations_iPhone = "UIInterfaceOrientationPortrait UIInterfaceOrientationLandscapeLeft UIInterfaceOrientationLandscapeRight";
				LD_RUNPATH_SEARCH_PATHS = (
					"$(inherited)",
					"@executable_path/Frameworks",
				);
				MARKETING_VERSION = 1.0;
				PRODUCT_BUNDLE_IDENTIFIER = tms.HWuicollectionview;
				PRODUCT_NAME = "$(TARGET_NAME)";
				SWIFT_EMIT_LOC_STRINGS = YES;
				SWIFT_VERSION = 5.0;
				TARGETED_DEVICE_FAMILY = "1,2";
			};
			name = Debug;
		};
		A73004AD2B5027940081D04C /* Release */ = {
			isa = XCBuildConfiguration;
			buildSettings = {
				ASSETCATALOG_COMPILER_APPICON_NAME = AppIcon;
				ASSETCATALOG_COMPILER_GLOBAL_ACCENT_COLOR_NAME = AccentColor;
				CODE_SIGN_STYLE = Automatic;
				CURRENT_PROJECT_VERSION = 1;
				GENERATE_INFOPLIST_FILE = YES;
				INFOPLIST_FILE = HWuicollectionview/Info.plist;
				INFOPLIST_KEY_UIApplicationSupportsIndirectInputEvents = YES;
				INFOPLIST_KEY_UILaunchStoryboardName = LaunchScreen;
				INFOPLIST_KEY_UIMainStoryboardFile = Main;
				INFOPLIST_KEY_UISupportedInterfaceOrientations_iPad = "UIInterfaceOrientationPortrait UIInterfaceOrientationPortraitUpsideDown UIInterfaceOrientationLandscapeLeft UIInterfaceOrientationLandscapeRight";
				INFOPLIST_KEY_UISupportedInterfaceOrientations_iPhone = "UIInterfaceOrientationPortrait UIInterfaceOrientationLandscapeLeft UIInterfaceOrientationLandscapeRight";
				LD_RUNPATH_SEARCH_PATHS = (
					"$(inherited)",
					"@executable_path/Frameworks",
				);
				MARKETING_VERSION = 1.0;
				PRODUCT_BUNDLE_IDENTIFIER = tms.HWuicollectionview;
				PRODUCT_NAME = "$(TARGET_NAME)";
				SWIFT_EMIT_LOC_STRINGS = YES;
				SWIFT_VERSION = 5.0;
				TARGETED_DEVICE_FAMILY = "1,2";
			};
			name = Release;
		};
		A73004AF2B5027940081D04C /* Debug */ = {
			isa = XCBuildConfiguration;
			buildSettings = {
				ALWAYS_EMBED_SWIFT_STANDARD_LIBRARIES = YES;
				BUNDLE_LOADER = "$(TEST_HOST)";
				CODE_SIGN_STYLE = Automatic;
				CURRENT_PROJECT_VERSION = 1;
				GENERATE_INFOPLIST_FILE = YES;
				IPHONEOS_DEPLOYMENT_TARGET = 17.0;
				MARKETING_VERSION = 1.0;
				PRODUCT_BUNDLE_IDENTIFIER = tms.HWuicollectionviewTests;
				PRODUCT_NAME = "$(TARGET_NAME)";
				SWIFT_EMIT_LOC_STRINGS = NO;
				SWIFT_VERSION = 5.0;
				TARGETED_DEVICE_FAMILY = "1,2";
				TEST_HOST = "$(BUILT_PRODUCTS_DIR)/HWuicollectionview.app/$(BUNDLE_EXECUTABLE_FOLDER_PATH)/HWuicollectionview";
			};
			name = Debug;
		};
		A73004B02B5027940081D04C /* Release */ = {
			isa = XCBuildConfiguration;
			buildSettings = {
				ALWAYS_EMBED_SWIFT_STANDARD_LIBRARIES = YES;
				BUNDLE_LOADER = "$(TEST_HOST)";
				CODE_SIGN_STYLE = Automatic;
				CURRENT_PROJECT_VERSION = 1;
				GENERATE_INFOPLIST_FILE = YES;
				IPHONEOS_DEPLOYMENT_TARGET = 17.0;
				MARKETING_VERSION = 1.0;
				PRODUCT_BUNDLE_IDENTIFIER = tms.HWuicollectionviewTests;
				PRODUCT_NAME = "$(TARGET_NAME)";
				SWIFT_EMIT_LOC_STRINGS = NO;
				SWIFT_VERSION = 5.0;
				TARGETED_DEVICE_FAMILY = "1,2";
				TEST_HOST = "$(BUILT_PRODUCTS_DIR)/HWuicollectionview.app/$(BUNDLE_EXECUTABLE_FOLDER_PATH)/HWuicollectionview";
			};
			name = Release;
		};
		A73004B22B5027940081D04C /* Debug */ = {
			isa = XCBuildConfiguration;
			buildSettings = {
				ALWAYS_EMBED_SWIFT_STANDARD_LIBRARIES = YES;
				CODE_SIGN_STYLE = Automatic;
				CURRENT_PROJECT_VERSION = 1;
				GENERATE_INFOPLIST_FILE = YES;
				MARKETING_VERSION = 1.0;
				PRODUCT_BUNDLE_IDENTIFIER = tms.HWuicollectionviewUITests;
				PRODUCT_NAME = "$(TARGET_NAME)";
				SWIFT_EMIT_LOC_STRINGS = NO;
				SWIFT_VERSION = 5.0;
				TARGETED_DEVICE_FAMILY = "1,2";
				TEST_TARGET_NAME = HWuicollectionview;
			};
			name = Debug;
		};
		A73004B32B5027940081D04C /* Release */ = {
			isa = XCBuildConfiguration;
			buildSettings = {
				ALWAYS_EMBED_SWIFT_STANDARD_LIBRARIES = YES;
				CODE_SIGN_STYLE = Automatic;
				CURRENT_PROJECT_VERSION = 1;
				GENERATE_INFOPLIST_FILE = YES;
				MARKETING_VERSION = 1.0;
				PRODUCT_BUNDLE_IDENTIFIER = tms.HWuicollectionviewUITests;
				PRODUCT_NAME = "$(TARGET_NAME)";
				SWIFT_EMIT_LOC_STRINGS = NO;
				SWIFT_VERSION = 5.0;
				TARGETED_DEVICE_FAMILY = "1,2";
				TEST_TARGET_NAME = HWuicollectionview;
			};
			name = Release;
		};
/* End XCBuildConfiguration section */

/* Begin XCConfigurationList section */
		A730047C2B5027930081D04C /* Build configuration list for PBXProject "HWuicollectionview" */ = {
			isa = XCConfigurationList;
			buildConfigurations = (
				A73004A92B5027940081D04C /* Debug */,
				A73004AA2B5027940081D04C /* Release */,
			);
			defaultConfigurationIsVisible = 0;
			defaultConfigurationName = Release;
		};
		A73004AB2B5027940081D04C /* Build configuration list for PBXNativeTarget "HWuicollectionview" */ = {
			isa = XCConfigurationList;
			buildConfigurations = (
				A73004AC2B5027940081D04C /* Debug */,
				A73004AD2B5027940081D04C /* Release */,
			);
			defaultConfigurationIsVisible = 0;
			defaultConfigurationName = Release;
		};
		A73004AE2B5027940081D04C /* Build configuration list for PBXNativeTarget "HWuicollectionviewTests" */ = {
			isa = XCConfigurationList;
			buildConfigurations = (
				A73004AF2B5027940081D04C /* Debug */,
				A73004B02B5027940081D04C /* Release */,
			);
			defaultConfigurationIsVisible = 0;
			defaultConfigurationName = Release;
		};
		A73004B12B5027940081D04C /* Build configuration list for PBXNativeTarget "HWuicollectionviewUITests" */ = {
			isa = XCConfigurationList;
			buildConfigurations = (
				A73004B22B5027940081D04C /* Debug */,
				A73004B32B5027940081D04C /* Release */,
			);
			defaultConfigurationIsVisible = 0;
			defaultConfigurationName = Release;
		};
/* End XCConfigurationList section */
	};
	rootObject = A73004792B5027930081D04C /* Project object */;
}
